{
    "hash": "a6b9af33ea93c1b46328a095777b6ccb",
    "packages": [
        {
            "package": "evenement/evenement",
            "version": "1.0.x-dev",
            "source-reference": "v1.0.0",
            "commit-date": "1338390068"
        }
    ],
    "packages-dev": [
        {
            "package": "esperance/esperance-phpunit",
            "version": "v0.1.0"
        }
    ],
    "aliases": [

    ],
    "minimum-stability": "dev",
    "stability-flags": [

    ]
}
